
Microsoft Visual Studio Solution File, Format Version 12.00
# Visual Studio Version 16
VisualStudioVersion = 16.0.29326.143
MinimumVisualStudioVersion = 10.0.40219.1
Project("{FAE04EC0-301F-11D3-BF4B-00C04F79EFBC}") = "NTUPractice", "NTUPractice\NTUPractice.csproj", "{D9F0DD79-C185-46A5-9233-B4D0597A457F}"
EndProject
Project("{FAE04EC0-301F-11D3-BF4B-00C04F79EFBC}") = "ReadCSV", "ReadCSV\ReadCSV.csproj", "{3FC4A9C8-0568-4F28-A2F4-5EA001045AE0}"
EndProject
Project("{FAE04EC0-301F-11D3-BF4B-00C04F79EFBC}") = "Remake", "Remake\Remake.csproj", "{F79E13D6-647F-43E7-AAEA-1FACE98668B9}"
EndProject
Project("{FAE04EC0-301F-11D3-BF4B-00C04F79EFBC}") = "ASCII Art", "ASCII Art\ASCII Art.csproj", "{E0676879-97CC-42DD-805D-381AABF994E2}"
EndProject
Project("{FAE04EC0-301F-11D3-BF4B-00C04F79EFBC}") = "LinQRecap", "LinQRecap\LinQRecap.csproj", "{34A0860C-F403-49BF-A553-6F55C9B3D80F}"
EndProject
Project("{FAE04EC0-301F-11D3-BF4B-00C04F79EFBC}") = "QueryForms", "QueryForms\QueryForms.csproj", "{12EA9C97-3132-49D3-9E05-A50584A2F30A}"
EndProject
Project("{FAE04EC0-301F-11D3-BF4B-00C04F79EFBC}") = "NTUWinForms", "NTUWinForms\NTUWinForms.csproj", "{C65DF650-AE6A-4B76-BED0-B995A11989D9}"
EndProject
Project("{FAE04EC0-301F-11D3-BF4B-00C04F79EFBC}") = "ApplicationTest", "LoginPage\ApplicationTest.csproj", "{0102B7C8-332C-4982-9A5C-8FDE9461EAEC}"
EndProject
Global
	GlobalSection(SolutionConfigurationPlatforms) = preSolution
		Debug|Any CPU = Debug|Any CPU
		Release|Any CPU = Release|Any CPU
	EndGlobalSection
	GlobalSection(ProjectConfigurationPlatforms) = postSolution
		{D9F0DD79-C185-46A5-9233-B4D0597A457F}.Debug|Any CPU.ActiveCfg = Debug|Any CPU
		{D9F0DD79-C185-46A5-9233-B4D0597A457F}.Debug|Any CPU.Build.0 = Debug|Any CPU
		{D9F0DD79-C185-46A5-9233-B4D0597A457F}.Release|Any CPU.ActiveCfg = Release|Any CPU
		{D9F0DD79-C185-46A5-9233-B4D0597A457F}.Release|Any CPU.Build.0 = Release|Any CPU
		{3FC4A9C8-0568-4F28-A2F4-5EA001045AE0}.Debug|Any CPU.ActiveCfg = Debug|Any CPU
		{3FC4A9C8-0568-4F28-A2F4-5EA001045AE0}.Debug|Any CPU.Build.0 = Debug|Any CPU
		{3FC4A9C8-0568-4F28-A2F4-5EA001045AE0}.Release|Any CPU.ActiveCfg = Release|Any CPU
		{3FC4A9C8-0568-4F28-A2F4-5EA001045AE0}.Release|Any CPU.Build.0 = Release|Any CPU
		{F79E13D6-647F-43E7-AAEA-1FACE98668B9}.Debug|Any CPU.ActiveCfg = Debug|Any CPU
		{F79E13D6-647F-43E7-AAEA-1FACE98668B9}.Debug|Any CPU.Build.0 = Debug|Any CPU
		{F79E13D6-647F-43E7-AAEA-1FACE98668B9}.Release|Any CPU.ActiveCfg = Release|Any CPU
		{F79E13D6-647F-43E7-AAEA-1FACE98668B9}.Release|Any CPU.Build.0 = Release|Any CPU
		{E0676879-97CC-42DD-805D-381AABF994E2}.Debug|Any CPU.ActiveCfg = Debug|Any CPU
		{E0676879-97CC-42DD-805D-381AABF994E2}.Debug|Any CPU.Build.0 = Debug|Any CPU
		{E0676879-97CC-42DD-805D-381AABF994E2}.Release|Any CPU.ActiveCfg = Release|Any CPU
		{E0676879-97CC-42DD-805D-381AABF994E2}.Release|Any CPU.Build.0 = Release|Any CPU
		{34A0860C-F403-49BF-A553-6F55C9B3D80F}.Debug|Any CPU.ActiveCfg = Debug|Any CPU
		{34A0860C-F403-49BF-A553-6F55C9B3D80F}.Debug|Any CPU.Build.0 = Debug|Any CPU
		{34A0860C-F403-49BF-A553-6F55C9B3D80F}.Release|Any CPU.ActiveCfg = Release|Any CPU
		{34A0860C-F403-49BF-A553-6F55C9B3D80F}.Release|Any CPU.Build.0 = Release|Any CPU
		{12EA9C97-3132-49D3-9E05-A50584A2F30A}.Debug|Any CPU.ActiveCfg = Debug|Any CPU
		{12EA9C97-3132-49D3-9E05-A50584A2F30A}.Debug|Any CPU.Build.0 = Debug|Any CPU
		{12EA9C97-3132-49D3-9E05-A50584A2F30A}.Release|Any CPU.ActiveCfg = Release|Any CPU
		{12EA9C97-3132-49D3-9E05-A50584A2F30A}.Release|Any CPU.Build.0 = Release|Any CPU
		{C65DF650-AE6A-4B76-BED0-B995A11989D9}.Debug|Any CPU.ActiveCfg = Debug|Any CPU
		{C65DF650-AE6A-4B76-BED0-B995A11989D9}.Debug|Any CPU.Build.0 = Debug|Any CPU
		{C65DF650-AE6A-4B76-BED0-B995A11989D9}.Release|Any CPU.ActiveCfg = Release|Any CPU
		{C65DF650-AE6A-4B76-BED0-B995A11989D9}.Release|Any CPU.Build.0 = Release|Any CPU
		{0102B7C8-332C-4982-9A5C-8FDE9461EAEC}.Debug|Any CPU.ActiveCfg = Debug|Any CPU
		{0102B7C8-332C-4982-9A5C-8FDE9461EAEC}.Debug|Any CPU.Build.0 = Debug|Any CPU
		{0102B7C8-332C-4982-9A5C-8FDE9461EAEC}.Release|Any CPU.ActiveCfg = Release|Any CPU
		{0102B7C8-332C-4982-9A5C-8FDE9461EAEC}.Release|Any CPU.Build.0 = Release|Any CPU
	EndGlobalSection
	GlobalSection(SolutionProperties) = preSolution
		HideSolutionNode = FALSE
	EndGlobalSection
	GlobalSection(ExtensibilityGlobals) = postSolution
		SolutionGuid = {12BB9E8E-34A5-4190-B413-D768B9859135}
	EndGlobalSection
EndGlobal
